
Microsoft Visual Studio Solution File, Format Version 12.00
# Visual Studio Version 16
VisualStudioVersion = 16.0.30225.117
MinimumVisualStudioVersion = 10.0.40219.1
Project("{FAE04EC0-301F-11D3-BF4B-00C04F79EFBC}") = "LoneWolfFight", "LoneWolfFight\LoneWolfFight.csproj", "{4F7260CC-ADDE-4F7A-8106-B7D5F517608D}"
EndProject
Global
	GlobalSection(SolutionConfigurationPlatforms) = preSolution
		Debug|Any CPU = Debug|Any CPU
		Release|Any CPU = Release|Any CPU
	EndGlobalSection
	GlobalSection(ProjectConfigurationPlatforms) = postSolution
		{4F7260CC-ADDE-4F7A-8106-B7D5F517608D}.Debug|Any CPU.ActiveCfg = Debug|Any CPU
		{4F7260CC-ADDE-4F7A-8106-B7D5F517608D}.Debug|Any CPU.Build.0 = Debug|Any CPU
		{4F7260CC-ADDE-4F7A-8106-B7D5F517608D}.Release|Any CPU.ActiveCfg = Release|Any CPU
		{4F7260CC-ADDE-4F7A-8106-B7D5F517608D}.Release|Any CPU.Build.0 = Release|Any CPU
	EndGlobalSection
	GlobalSection(SolutionProperties) = preSolution
		HideSolutionNode = FALSE
	EndGlobalSection
	GlobalSection(ExtensibilityGlobals) = postSolution
		SolutionGuid = {E8D69434-2116-4484-B969-90AD746FB13A}
	EndGlobalSection
EndGlobal
